
Microsoft Visual Studio Solution File, Format Version 12.00
# Visual Studio Version 17
VisualStudioVersion = 17.0.31912.275
MinimumVisualStudioVersion = 10.0.40219.1
Project("{FAE04EC0-301F-11D3-BF4B-00C04F79EFBC}") = "AddressBook_UsingCollection", "AddressBook_UsingCollection\AddressBook_UsingCollection.csproj", "{2B414737-D8B2-4B6C-9E77-44809B526205}"
EndProject
Global
	GlobalSection(SolutionConfigurationPlatforms) = preSolution
		Debug|Any CPU = Debug|Any CPU
		Release|Any CPU = Release|Any CPU
	EndGlobalSection
	GlobalSection(ProjectConfigurationPlatforms) = postSolution
		{2B414737-D8B2-4B6C-9E77-44809B526205}.Debug|Any CPU.ActiveCfg = Debug|Any CPU
		{2B414737-D8B2-4B6C-9E77-44809B526205}.Debug|Any CPU.Build.0 = Debug|Any CPU
		{2B414737-D8B2-4B6C-9E77-44809B526205}.Release|Any CPU.ActiveCfg = Release|Any CPU
		{2B414737-D8B2-4B6C-9E77-44809B526205}.Release|Any CPU.Build.0 = Release|Any CPU
	EndGlobalSection
	GlobalSection(SolutionProperties) = preSolution
		HideSolutionNode = FALSE
	EndGlobalSection
	GlobalSection(ExtensibilityGlobals) = postSolution
		SolutionGuid = {A97EF852-545E-469F-B0EE-EEE602FD68F3}
	EndGlobalSection
EndGlobal
